// !$*UTF8*$!
{
	archiveVersion = 1;
	classes = {
	};
	objectVersion = 55;
	objects = {

/* Begin PBXBuildFile section */
		AB9B084928A0FD9D000F8E9E /* AppDelegate.swift in Sources */ = {isa = PBXBuildFile; fileRef = AB9B084828A0FD9D000F8E9E /* AppDelegate.swift */; };
		AB9B084B28A0FD9D000F8E9E /* SceneDelegate.swift in Sources */ = {isa = PBXBuildFile; fileRef = AB9B084A28A0FD9D000F8E9E /* SceneDelegate.swift */; };
		AB9B084D28A0FD9D000F8E9E /* ViewController.swift in Sources */ = {isa = PBXBuildFile; fileRef = AB9B084C28A0FD9D000F8E9E /* ViewController.swift */; };
		AB9B085028A0FD9D000F8E9E /* Main.storyboard in Resources */ = {isa = PBXBuildFile; fileRef = AB9B084E28A0FD9D000F8E9E /* Main.storyboard */; };
		AB9B085228A0FD9F000F8E9E /* Assets.xcassets in Resources */ = {isa = PBXBuildFile; fileRef = AB9B085128A0FD9F000F8E9E /* Assets.xcassets */; };
		AB9B085528A0FD9F000F8E9E /* LaunchScreen.storyboard in Resources */ = {isa = PBXBuildFile; fileRef = AB9B085328A0FD9F000F8E9E /* LaunchScreen.storyboard */; };
		AB9B086028A0FD9F000F8E9E /* number_guesserTests.swift in Sources */ = {isa = PBXBuildFile; fileRef = AB9B085F28A0FD9F000F8E9E /* number_guesserTests.swift */; };
		AB9B086A28A0FD9F000F8E9E /* number_guesserUITests.swift in Sources */ = {isa = PBXBuildFile; fileRef = AB9B086928A0FD9F000F8E9E /* number_guesserUITests.swift */; };
		AB9B086C28A0FD9F000F8E9E /* number_guesserUITestsLaunchTests.swift in Sources */ = {isa = PBXBuildFile; fileRef = AB9B086B28A0FD9F000F8E9E /* number_guesserUITestsLaunchTests.swift */; };
/* End PBXBuildFile section */

/* Begin PBXContainerItemProxy section */
		AB9B085C28A0FD9F000F8E9E /* PBXContainerItemProxy */ = {
			isa = PBXContainerItemProxy;
			containerPortal = AB9B083D28A0FD9D000F8E9E /* Project object */;
			proxyType = 1;
			remoteGlobalIDString = AB9B084428A0FD9D000F8E9E;
			remoteInfo = "number-guesser";
		};
		AB9B086628A0FD9F000F8E9E /* PBXContainerItemProxy */ = {
			isa = PBXContainerItemProxy;
			containerPortal = AB9B083D28A0FD9D000F8E9E /* Project object */;
			proxyType = 1;
			remoteGlobalIDString = AB9B084428A0FD9D000F8E9E;
			remoteInfo = "number-guesser";
		};
/* End PBXContainerItemProxy section */

/* Begin PBXFileReference section */
		AB9B084528A0FD9D000F8E9E /* number-guesser.app */ = {isa = PBXFileReference; explicitFileType = wrapper.application; includeInIndex = 0; path = "number-guesser.app"; sourceTree = BUILT_PRODUCTS_DIR; };
		AB9B084828A0FD9D000F8E9E /* AppDelegate.swift */ = {isa = PBXFileReference; lastKnownFileType = sourcecode.swift; path = AppDelegate.swift; sourceTree = "<group>"; };
		AB9B084A28A0FD9D000F8E9E /* SceneDelegate.swift */ = {isa = PBXFileReference; lastKnownFileType = sourcecode.swift; path = SceneDelegate.swift; sourceTree = "<group>"; };
		AB9B084C28A0FD9D000F8E9E /* ViewController.swift */ = {isa = PBXFileReference; lastKnownFileType = sourcecode.swift; path = ViewController.swift; sourceTree = "<group>"; };
		AB9B084F28A0FD9D000F8E9E /* Base */ = {isa = PBXFileReference; lastKnownFileType = file.storyboard; name = Base; path = Base.lproj/Main.storyboard; sourceTree = "<group>"; };
		AB9B085128A0FD9F000F8E9E /* Assets.xcassets */ = {isa = PBXFileReference; lastKnownFileType = folder.assetcatalog; path = Assets.xcassets; sourceTree = "<group>"; };
		AB9B085428A0FD9F000F8E9E /* Base */ = {isa = PBXFileReference; lastKnownFileType = file.storyboard; name = Base; path = Base.lproj/LaunchScreen.storyboard; sourceTree = "<group>"; };
		AB9B085628A0FD9F000F8E9E /* Info.plist */ = {isa = PBXFileReference; lastKnownFileType = text.plist.xml; path = Info.plist; sourceTree = "<group>"; };
		AB9B085B28A0FD9F000F8E9E /* number-guesserTests.xctest */ = {isa = PBXFileReference; explicitFileType = wrapper.cfbundle; includeInIndex = 0; path = "number-guesserTests.xctest"; sourceTree = BUILT_PRODUCTS_DIR; };
		AB9B085F28A0FD9F000F8E9E /* number_guesserTests.swift */ = {isa = PBXFileReference; lastKnownFileType = sourcecode.swift; path = number_guesserTests.swift; sourceTree = "<group>"; };
		AB9B086528A0FD9F000F8E9E /* number-guesserUITests.xctest */ = {isa = PBXFileReference; explicitFileType = wrapper.cfbundle; includeInIndex = 0; path = "number-guesserUITests.xctest"; sourceTree = BUILT_PRODUCTS_DIR; };
		AB9B086928A0FD9F000F8E9E /* number_guesserUITests.swift */ = {isa = PBXFileReference; lastKnownFileType = sourcecode.swift; path = number_guesserUITests.swift; sourceTree = "<group>"; };
		AB9B086B28A0FD9F000F8E9E /* number_guesserUITestsLaunchTests.swift */ = {isa = PBXFileReference; lastKnownFileType = sourcecode.swift; path = number_guesserUITestsLaunchTests.swift; sourceTree = "<group>"; };
/* End PBXFileReference section */

/* Begin PBXFrameworksBuildPhase section */
		AB9B084228A0FD9D000F8E9E /* Frameworks */ = {
			isa = PBXFrameworksBuildPhase;
			buildActionMask = 2147483647;
			files = (
			);
			runOnlyForDeploymentPostprocessing = 0;
		};
		AB9B085828A0FD9F000F8E9E /* Frameworks */ = {
			isa = PBXFrameworksBuildPhase;
			buildActionMask = 2147483647;
			files = (
			);
			runOnlyForDeploymentPostprocessing = 0;
		};
		AB9B086228A0FD9F000F8E9E /* Frameworks */ = {
			isa = PBXFrameworksBuildPhase;
			buildActionMask = 2147483647;
			files = (
			);
			runOnlyForDeploymentPostprocessing = 0;
		};
/* End PBXFrameworksBuildPhase section */

/* Begin PBXGroup section */
		AB9B083C28A0FD9D000F8E9E = {
			isa = PBXGroup;
			children = (
				AB9B084728A0FD9D000F8E9E /* number-guesser */,
				AB9B085E28A0FD9F000F8E9E /* number-guesserTests */,
				AB9B086828A0FD9F000F8E9E /* number-guesserUITests */,
				AB9B084628A0FD9D000F8E9E /* Products */,
			);
			sourceTree = "<group>";
		};
		AB9B084628A0FD9D000F8E9E /* Products */ = {
			isa = PBXGroup;
			children = (
				AB9B084528A0FD9D000F8E9E /* number-guesser.app */,
				AB9B085B28A0FD9F000F8E9E /* number-guesserTests.xctest */,
				AB9B086528A0FD9F000F8E9E /* number-guesserUITests.xctest */,
			);
			name = Products;
			sourceTree = "<group>";
		};
		AB9B084728A0FD9D000F8E9E /* number-guesser */ = {
			isa = PBXGroup;
			children = (
				AB9B084828A0FD9D000F8E9E /* AppDelegate.swift */,
				AB9B084A28A0FD9D000F8E9E /* SceneDelegate.swift */,
				AB9B084C28A0FD9D000F8E9E /* ViewController.swift */,
				AB9B084E28A0FD9D000F8E9E /* Main.storyboard */,
				AB9B085128A0FD9F000F8E9E /* Assets.xcassets */,
				AB9B085328A0FD9F000F8E9E /* LaunchScreen.storyboard */,
				AB9B085628A0FD9F000F8E9E /* Info.plist */,
			);
			path = "number-guesser";
			sourceTree = "<group>";
		};
		AB9B085E28A0FD9F000F8E9E /* number-guesserTests */ = {
			isa = PBXGroup;
			children = (
				AB9B085F28A0FD9F000F8E9E /* number_guesserTests.swift */,
			);
			path = "number-guesserTests";
			sourceTree = "<group>";
		};
		AB9B086828A0FD9F000F8E9E /* number-guesserUITests */ = {
			isa = PBXGroup;
			children = (
				AB9B086928A0FD9F000F8E9E /* number_guesserUITests.swift */,
				AB9B086B28A0FD9F000F8E9E /* number_guesserUITestsLaunchTests.swift */,
			);
			path = "number-guesserUITests";
			sourceTree = "<group>";
		};
/* End PBXGroup section */

/* Begin PBXNativeTarget section */
		AB9B084428A0FD9D000F8E9E /* number-guesser */ = {
			isa = PBXNativeTarget;
			buildConfigurationList = AB9B086F28A0FD9F000F8E9E /* Build configuration list for PBXNativeTarget "number-guesser" */;
			buildPhases = (
				AB9B084128A0FD9D000F8E9E /* Sources */,
				AB9B084228A0FD9D000F8E9E /* Frameworks */,
				AB9B084328A0FD9D000F8E9E /* Resources */,
			);
			buildRules = (
			);
			dependencies = (
			);
			name = "number-guesser";
			productName = "number-guesser";
			productReference = AB9B084528A0FD9D000F8E9E /* number-guesser.app */;
			productType = "com.apple.product-type.application";
		};
		AB9B085A28A0FD9F000F8E9E /* number-guesserTests */ = {
			isa = PBXNativeTarget;
			buildConfigurationList = AB9B087228A0FD9F000F8E9E /* Build configuration list for PBXNativeTarget "number-guesserTests" */;
			buildPhases = (
				AB9B085728A0FD9F000F8E9E /* Sources */,
				AB9B085828A0FD9F000F8E9E /* Frameworks */,
				AB9B085928A0FD9F000F8E9E /* Resources */,
			);
			buildRules = (
			);
			dependencies = (
				AB9B085D28A0FD9F000F8E9E /* PBXTargetDependency */,
			);
			name = "number-guesserTests";
			productName = "number-guesserTests";
			productReference = AB9B085B28A0FD9F000F8E9E /* number-guesserTests.xctest */;
			productType = "com.apple.product-type.bundle.unit-test";
		};
		AB9B086428A0FD9F000F8E9E /* number-guesserUITests */ = {
			isa = PBXNativeTarget;
			buildConfigurationList = AB9B087528A0FD9F000F8E9E /* Build configuration list for PBXNativeTarget "number-guesserUITests" */;
			buildPhases = (
				AB9B086128A0FD9F000F8E9E /* Sources */,
				AB9B086228A0FD9F000F8E9E /* Frameworks */,
				AB9B086328A0FD9F000F8E9E /* Resources */,
			);
			buildRules = (
			);
			dependencies = (
				AB9B086728A0FD9F000F8E9E /* PBXTargetDependency */,
			);
			name = "number-guesserUITests";
			productName = "number-guesserUITests";
			productReference = AB9B086528A0FD9F000F8E9E /* number-guesserUITests.xctest */;
			productType = "com.apple.product-type.bundle.ui-testing";
		};
/* End PBXNativeTarget section */

/* Begin PBXProject section */
		AB9B083D28A0FD9D000F8E9E /* Project object */ = {
			isa = PBXProject;
			attributes = {
				BuildIndependentTargetsInParallel = 1;
				LastSwiftUpdateCheck = 1340;
				LastUpgradeCheck = 1340;
				TargetAttributes = {
					AB9B084428A0FD9D000F8E9E = {
						CreatedOnToolsVersion = 13.4.1;
					};
					AB9B085A28A0FD9F000F8E9E = {
						CreatedOnToolsVersion = 13.4.1;
						TestTargetID = AB9B084428A0FD9D000F8E9E;
					};
					AB9B086428A0FD9F000F8E9E = {
						CreatedOnToolsVersion = 13.4.1;
						TestTargetID = AB9B084428A0FD9D000F8E9E;
					};
				};
			};
			buildConfigurationList = AB9B084028A0FD9D000F8E9E /* Build configuration list for PBXProject "number-guesser" */;
			compatibilityVersion = "Xcode 13.0";
			developmentRegion = en;
			hasScannedForEncodings = 0;
			knownRegions = (
				en,
				Base,
			);
			mainGroup = AB9B083C28A0FD9D000F8E9E;
			productRefGroup = AB9B084628A0FD9D000F8E9E /* Products */;
			projectDirPath = "";
			projectRoot = "";
			targets = (
				AB9B084428A0FD9D000F8E9E /* number-guesser */,
				AB9B085A28A0FD9F000F8E9E /* number-guesserTests */,
				AB9B086428A0FD9F000F8E9E /* number-guesserUITests */,
			);
		};
/* End PBXProject section */

/* Begin PBXResourcesBuildPhase section */
		AB9B084328A0FD9D000F8E9E /* Resources */ = {
			isa = PBXResourcesBuildPhase;
			buildActionMask = 2147483647;
			files = (
				AB9B085528A0FD9F000F8E9E /* LaunchScreen.storyboard in Resources */,
				AB9B085228A0FD9F000F8E9E /* Assets.xcassets in Resources */,
				AB9B085028A0FD9D000F8E9E /* Main.storyboard in Resources */,
			);
			runOnlyForDeploymentPostprocessing = 0;
		};
		AB9B085928A0FD9F000F8E9E /* Resources */ = {
			isa = PBXResourcesBuildPhase;
			buildActionMask = 2147483647;
			files = (
			);
			runOnlyForDeploymentPostprocessing = 0;
		};
		AB9B086328A0FD9F000F8E9E /* Resources */ = {
			isa = PBXResourcesBuildPhase;
			buildActionMask = 2147483647;
			files = (
			);
			runOnlyForDeploymentPostprocessing = 0;
		};
/* End PBXResourcesBuildPhase section */

/* Begin PBXSourcesBuildPhase section */
		AB9B084128A0FD9D000F8E9E /* Sources */ = {
			isa = PBXSourcesBuildPhase;
			buildActionMask = 2147483647;
			files = (
				AB9B084D28A0FD9D000F8E9E /* ViewController.swift in Sources */,
				AB9B084928A0FD9D000F8E9E /* AppDelegate.swift in Sources */,
				AB9B084B28A0FD9D000F8E9E /* SceneDelegate.swift in Sources */,
			);
			runOnlyForDeploymentPostprocessing = 0;
		};
		AB9B085728A0FD9F000F8E9E /* Sources */ = {
			isa = PBXSourcesBuildPhase;
			buildActionMask = 2147483647;
			files = (
				AB9B086028A0FD9F000F8E9E /* number_guesserTests.swift in Sources */,
			);
			runOnlyForDeploymentPostprocessing = 0;
		};
		AB9B086128A0FD9F000F8E9E /* Sources */ = {
			isa = PBXSourcesBuildPhase;
			buildActionMask = 2147483647;
			files = (
				AB9B086C28A0FD9F000F8E9E /* number_guesserUITestsLaunchTests.swift in Sources */,
				AB9B086A28A0FD9F000F8E9E /* number_guesserUITests.swift in Sources */,
			);
			runOnlyForDeploymentPostprocessing = 0;
		};
/* End PBXSourcesBuildPhase section */

/* Begin PBXTargetDependency section */
		AB9B085D28A0FD9F000F8E9E /* PBXTargetDependency */ = {
			isa = PBXTargetDependency;
			target = AB9B084428A0FD9D000F8E9E /* number-guesser */;
			targetProxy = AB9B085C28A0FD9F000F8E9E /* PBXContainerItemProxy */;
		};
		AB9B086728A0FD9F000F8E9E /* PBXTargetDependency */ = {
			isa = PBXTargetDependency;
			target = AB9B084428A0FD9D000F8E9E /* number-guesser */;
			targetProxy = AB9B086628A0FD9F000F8E9E /* PBXContainerItemProxy */;
		};
/* End PBXTargetDependency section */

/* Begin PBXVariantGroup section */
		AB9B084E28A0FD9D000F8E9E /* Main.storyboard */ = {
			isa = PBXVariantGroup;
			children = (
				AB9B084F28A0FD9D000F8E9E /* Base */,
			);
			name = Main.storyboard;
			sourceTree = "<group>";
		};
		AB9B085328A0FD9F000F8E9E /* LaunchScreen.storyboard */ = {
			isa = PBXVariantGroup;
			children = (
				AB9B085428A0FD9F000F8E9E /* Base */,
			);
			name = LaunchScreen.storyboard;
			sourceTree = "<group>";
		};
/* End PBXVariantGroup section */

/* Begin XCBuildConfiguration section */
		AB9B086D28A0FD9F000F8E9E /* Debug */ = {
			isa = XCBuildConfiguration;
			buildSettings = {
				ALWAYS_SEARCH_USER_PATHS = NO;
				CLANG_ANALYZER_NONNULL = YES;
				CLANG_ANALYZER_NUMBER_OBJECT_CONVERSION = YES_AGGRESSIVE;
				CLANG_CXX_LANGUAGE_STANDARD = "gnu++17";
				CLANG_ENABLE_MODULES = YES;
				CLANG_ENABLE_OBJC_ARC = YES;
				CLANG_ENABLE_OBJC_WEAK = YES;
				CLANG_WARN_BLOCK_CAPTURE_AUTORELEASING = YES;
				CLANG_WARN_BOOL_CONVERSION = YES;
				CLANG_WARN_COMMA = YES;
				CLANG_WARN_CONSTANT_CONVERSION = YES;
				CLANG_WARN_DEPRECATED_OBJC_IMPLEMENTATIONS = YES;
				CLANG_WARN_DIRECT_OBJC_ISA_USAGE = YES_ERROR;
				CLANG_WARN_DOCUMENTATION_COMMENTS = YES;
				CLANG_WARN_EMPTY_BODY = YES;
				CLANG_WARN_ENUM_CONVERSION = YES;
				CLANG_WARN_INFINITE_RECURSION = YES;
				CLANG_WARN_INT_CONVERSION = YES;
				CLANG_WARN_NON_LITERAL_NULL_CONVERSION = YES;
				CLANG_WARN_OBJC_IMPLICIT_RETAIN_SELF = YES;
				CLANG_WARN_OBJC_LITERAL_CONVERSION = YES;
				CLANG_WARN_OBJC_ROOT_CLASS = YES_ERROR;
				CLANG_WARN_QUOTED_INCLUDE_IN_FRAMEWORK_HEADER = YES;
				CLANG_WARN_RANGE_LOOP_ANALYSIS = YES;
				CLANG_WARN_STRICT_PROTOTYPES = YES;
				CLANG_WARN_SUSPICIOUS_MOVE = YES;
				CLANG_WARN_UNGUARDED_AVAILABILITY = YES_AGGRESSIVE;
				CLANG_WARN_UNREACHABLE_CODE = YES;
				CLANG_WARN__DUPLICATE_METHOD_MATCH = YES;
				COPY_PHASE_STRIP = NO;
				DEBUG_INFORMATION_FORMAT = dwarf;
				ENABLE_STRICT_OBJC_MSGSEND = YES;
				ENABLE_TESTABILITY = YES;
				GCC_C_LANGUAGE_STANDARD = gnu11;
				GCC_DYNAMIC_NO_PIC = NO;
				GCC_NO_COMMON_BLOCKS = YES;
				GCC_OPTIMIZATION_LEVEL = 0;
				GCC_PREPROCESSOR_DEFINITIONS = (
					"DEBUG=1",
					"$(inherited)",
				);
				GCC_WARN_64_TO_32_BIT_CONVERSION = YES;
				GCC_WARN_ABOUT_RETURN_TYPE = YES_ERROR;
				GCC_WARN_UNDECLARED_SELECTOR = YES;
				GCC_WARN_UNINITIALIZED_AUTOS = YES_AGGRESSIVE;
				GCC_WARN_UNUSED_FUNCTION = YES;
				GCC_WARN_UNUSED_VARIABLE = YES;
				IPHONEOS_DEPLOYMENT_TARGET = 15.5;
				MTL_ENABLE_DEBUG_INFO = INCLUDE_SOURCE;
				MTL_FAST_MATH = YES;
				ONLY_ACTIVE_ARCH = YES;
				SDKROOT = iphoneos;
				SWIFT_ACTIVE_COMPILATION_CONDITIONS = DEBUG;
				SWIFT_OPTIMIZATION_LEVEL = "-Onone";
			};
			name = Debug;
		};
		AB9B086E28A0FD9F000F8E9E /* Release */ = {
			isa = XCBuildConfiguration;
			buildSettings = {
				ALWAYS_SEARCH_USER_PATHS = NO;
				CLANG_ANALYZER_NONNULL = YES;
				CLANG_ANALYZER_NUMBER_OBJECT_CONVERSION = YES_AGGRESSIVE;
				CLANG_CXX_LANGUAGE_STANDARD = "gnu++17";
				CLANG_ENABLE_MODULES = YES;
				CLANG_ENABLE_OBJC_ARC = YES;
				CLANG_ENABLE_OBJC_WEAK = YES;
				CLANG_WARN_BLOCK_CAPTURE_AUTORELEASING = YES;
				CLANG_WARN_BOOL_CONVERSION = YES;
				CLANG_WARN_COMMA = YES;
				CLANG_WARN_CONSTANT_CONVERSION = YES;
				CLANG_WARN_DEPRECATED_OBJC_IMPLEMENTATIONS = YES;
				CLANG_WARN_DIRECT_OBJC_ISA_USAGE = YES_ERROR;
				CLANG_WARN_DOCUMENTATION_COMMENTS = YES;
				CLANG_WARN_EMPTY_BODY = YES;
				CLANG_WARN_ENUM_CONVERSION = YES;
				CLANG_WARN_INFINITE_RECURSION = YES;
				CLANG_WARN_INT_CONVERSION = YES;
				CLANG_WARN_NON_LITERAL_NULL_CONVERSION = YES;
				CLANG_WARN_OBJC_IMPLICIT_RETAIN_SELF = YES;
				CLANG_WARN_OBJC_LITERAL_CONVERSION = YES;
				CLANG_WARN_OBJC_ROOT_CLASS = YES_ERROR;
				CLANG_WARN_QUOTED_INCLUDE_IN_FRAMEWORK_HEADER = YES;
				CLANG_WARN_RANGE_LOOP_ANALYSIS = YES;
				CLANG_WARN_STRICT_PROTOTYPES = YES;
				CLANG_WARN_SUSPICIOUS_MOVE = YES;
				CLANG_WARN_UNGUARDED_AVAILABILITY = YES_AGGRESSIVE;
				CLANG_WARN_UNREACHABLE_CODE = YES;
				CLANG_WARN__DUPLICATE_METHOD_MATCH = YES;
				COPY_PHASE_STRIP = NO;
				DEBUG_INFORMATION_FORMAT = "dwarf-with-dsym";
				ENABLE_NS_ASSERTIONS = NO;
				ENABLE_STRICT_OBJC_MSGSEND = YES;
				GCC_C_LANGUAGE_STANDARD = gnu11;
				GCC_NO_COMMON_BLOCKS = YES;
				GCC_WARN_64_TO_32_BIT_CONVERSION = YES;
				GCC_WARN_ABOUT_RETURN_TYPE = YES_ERROR;
				GCC_WARN_UNDECLARED_SELECTOR = YES;
				GCC_WARN_UNINITIALIZED_AUTOS = YES_AGGRESSIVE;
				GCC_WARN_UNUSED_FUNCTION = YES;
				GCC_WARN_UNUSED_VARIABLE = YES;
				IPHONEOS_DEPLOYMENT_TARGET = 15.5;
				MTL_ENABLE_DEBUG_INFO = NO;
				MTL_FAST_MATH = YES;
				SDKROOT = iphoneos;
				SWIFT_COMPILATION_MODE = wholemodule;
				SWIFT_OPTIMIZATION_LEVEL = "-O";
				VALIDATE_PRODUCT = YES;
			};
			name = Release;
		};
		AB9B087028A0FD9F000F8E9E /* Debug */ = {
			isa = XCBuildConfiguration;
			buildSettings = {
				ASSETCATALOG_COMPILER_APPICON_NAME = AppIcon;
				ASSETCATALOG_COMPILER_GLOBAL_ACCENT_COLOR_NAME = AccentColor;
				CODE_SIGN_STYLE = Automatic;
				CURRENT_PROJECT_VERSION = 1;
				GENERATE_INFOPLIST_FILE = YES;
				INFOPLIST_FILE = "number-guesser/Info.plist";
				INFOPLIST_KEY_UIApplicationSupportsIndirectInputEvents = YES;
				INFOPLIST_KEY_UILaunchStoryboardName = LaunchScreen;
				INFOPLIST_KEY_UIMainStoryboardFile = Main;
				INFOPLIST_KEY_UISupportedInterfaceOrientations_iPad = "UIInterfaceOrientationPortrait UIInterfaceOrientationPortraitUpsideDown UIInterfaceOrientationLandscapeLeft UIInterfaceOrientationLandscapeRight";
				INFOPLIST_KEY_UISupportedInterfaceOrientations_iPhone = "UIInterfaceOrientationPortrait UIInterfaceOrientationLandscapeLeft UIInterfaceOrientationLandscapeRight";
				LD_RUNPATH_SEARCH_PATHS = (
					"$(inherited)",
					"@executable_path/Frameworks",
				);
				MARKETING_VERSION = 1.0;
				PRODUCT_BUNDLE_IDENTIFIER = "asimcanyagiz.number-guesser";
				PRODUCT_NAME = "$(TARGET_NAME)";
				SWIFT_EMIT_LOC_STRINGS = YES;
				SWIFT_VERSION = 5.0;
				TARGETED_DEVICE_FAMILY = "1,2";
			};
			name = Debug;
		};
		AB9B087128A0FD9F000F8E9E /* Release */ = {
			isa = XCBuildConfiguration;
			buildSettings = {
				ASSETCATALOG_COMPILER_APPICON_NAME = AppIcon;
				ASSETCATALOG_COMPILER_GLOBAL_ACCENT_COLOR_NAME = AccentColor;
				CODE_SIGN_STYLE = Automatic;
				CURRENT_PROJECT_VERSION = 1;
				GENERATE_INFOPLIST_FILE = YES;
				INFOPLIST_FILE = "number-guesser/Info.plist";
				INFOPLIST_KEY_UIApplicationSupportsIndirectInputEvents = YES;
				INFOPLIST_KEY_UILaunchStoryboardName = LaunchScreen;
				INFOPLIST_KEY_UIMainStoryboardFile = Main;
				INFOPLIST_KEY_UISupportedInterfaceOrientations_iPad = "UIInterfaceOrientationPortrait UIInterfaceOrientationPortraitUpsideDown UIInterfaceOrientationLandscapeLeft UIInterfaceOrientationLandscapeRight";
				INFOPLIST_KEY_UISupportedInterfaceOrientations_iPhone = "UIInterfaceOrientationPortrait UIInterfaceOrientationLandscapeLeft UIInterfaceOrientationLandscapeRight";
				LD_RUNPATH_SEARCH_PATHS = (
					"$(inherited)",
					"@executable_path/Frameworks",
				);
				MARKETING_VERSION = 1.0;
				PRODUCT_BUNDLE_IDENTIFIER = "asimcanyagiz.number-guesser";
				PRODUCT_NAME = "$(TARGET_NAME)";
				SWIFT_EMIT_LOC_STRINGS = YES;
				SWIFT_VERSION = 5.0;
				TARGETED_DEVICE_FAMILY = "1,2";
			};
			name = Release;
		};
		AB9B087328A0FD9F000F8E9E /* Debug */ = {
			isa = XCBuildConfiguration;
			buildSettings = {
				ALWAYS_EMBED_SWIFT_STANDARD_LIBRARIES = YES;
				BUNDLE_LOADER = "$(TEST_HOST)";
				CODE_SIGN_STYLE = Automatic;
				CURRENT_PROJECT_VERSION = 1;
				GENERATE_INFOPLIST_FILE = YES;
				IPHONEOS_DEPLOYMENT_TARGET = 15.5;
				MARKETING_VERSION = 1.0;
				PRODUCT_BUNDLE_IDENTIFIER = "asimcanyagiz.number-guesserTests";
				PRODUCT_NAME = "$(TARGET_NAME)";
				SWIFT_EMIT_LOC_STRINGS = NO;
				SWIFT_VERSION = 5.0;
				TARGETED_DEVICE_FAMILY = "1,2";
				TEST_HOST = "$(BUILT_PRODUCTS_DIR)/number-guesser.app/number-guesser";
			};
			name = Debug;
		};
		AB9B087428A0FD9F000F8E9E /* Release */ = {
			isa = XCBuildConfiguration;
			buildSettings = {
				ALWAYS_EMBED_SWIFT_STANDARD_LIBRARIES = YES;
				BUNDLE_LOADER = "$(TEST_HOST)";
				CODE_SIGN_STYLE = Automatic;
				CURRENT_PROJECT_VERSION = 1;
				GENERATE_INFOPLIST_FILE = YES;
				IPHONEOS_DEPLOYMENT_TARGET = 15.5;
				MARKETING_VERSION = 1.0;
				PRODUCT_BUNDLE_IDENTIFIER = "asimcanyagiz.number-guesserTests";
				PRODUCT_NAME = "$(TARGET_NAME)";
				SWIFT_EMIT_LOC_STRINGS = NO;
				SWIFT_VERSION = 5.0;
				TARGETED_DEVICE_FAMILY = "1,2";
				TEST_HOST = "$(BUILT_PRODUCTS_DIR)/number-guesser.app/number-guesser";
			};
			name = Release;
		};
		AB9B087628A0FD9F000F8E9E /* Debug */ = {
			isa = XCBuildConfiguration;
			buildSettings = {
				ALWAYS_EMBED_SWIFT_STANDARD_LIBRARIES = YES;
				CODE_SIGN_STYLE = Automatic;
				CURRENT_PROJECT_VERSION = 1;
				GENERATE_INFOPLIST_FILE = YES;
				MARKETING_VERSION = 1.0;
				PRODUCT_BUNDLE_IDENTIFIER = "asimcanyagiz.number-guesserUITests";
				PRODUCT_NAME = "$(TARGET_NAME)";
				SWIFT_EMIT_LOC_STRINGS = NO;
				SWIFT_VERSION = 5.0;
				TARGETED_DEVICE_FAMILY = "1,2";
				TEST_TARGET_NAME = "number-guesser";
			};
			name = Debug;
		};
		AB9B087728A0FD9F000F8E9E /* Release */ = {
			isa = XCBuildConfiguration;
			buildSettings = {
				ALWAYS_EMBED_SWIFT_STANDARD_LIBRARIES = YES;
				CODE_SIGN_STYLE = Automatic;
				CURRENT_PROJECT_VERSION = 1;
				GENERATE_INFOPLIST_FILE = YES;
				MARKETING_VERSION = 1.0;
				PRODUCT_BUNDLE_IDENTIFIER = "asimcanyagiz.number-guesserUITests";
				PRODUCT_NAME = "$(TARGET_NAME)";
				SWIFT_EMIT_LOC_STRINGS = NO;
				SWIFT_VERSION = 5.0;
				TARGETED_DEVICE_FAMILY = "1,2";
				TEST_TARGET_NAME = "number-guesser";
			};
			name = Release;
		};
/* End XCBuildConfiguration section */

/* Begin XCConfigurationList section */
		AB9B084028A0FD9D000F8E9E /* Build configuration list for PBXProject "number-guesser" */ = {
			isa = XCConfigurationList;
			buildConfigurations = (
				AB9B086D28A0FD9F000F8E9E /* Debug */,
				AB9B086E28A0FD9F000F8E9E /* Release */,
			);
			defaultConfigurationIsVisible = 0;
			defaultConfigurationName = Release;
		};
		AB9B086F28A0FD9F000F8E9E /* Build configuration list for PBXNativeTarget "number-guesser" */ = {
			isa = XCConfigurationList;
			buildConfigurations = (
				AB9B087028A0FD9F000F8E9E /* Debug */,
				AB9B087128A0FD9F000F8E9E /* Release */,
			);
			defaultConfigurationIsVisible = 0;
			defaultConfigurationName = Release;
		};
		AB9B087228A0FD9F000F8E9E /* Build configuration list for PBXNativeTarget "number-guesserTests" */ = {
			isa = XCConfigurationList;
			buildConfigurations = (
				AB9B087328A0FD9F000F8E9E /* Debug */,
				AB9B087428A0FD9F000F8E9E /* Release */,
			);
			defaultConfigurationIsVisible = 0;
			defaultConfigurationName = Release;
		};
		AB9B087528A0FD9F000F8E9E /* Build configuration list for PBXNativeTarget "number-guesserUITests" */ = {
			isa = XCConfigurationList;
			buildConfigurations = (
				AB9B087628A0FD9F000F8E9E /* Debug */,
				AB9B087728A0FD9F000F8E9E /* Release */,
			);
			defaultConfigurationIsVisible = 0;
			defaultConfigurationName = Release;
		};
/* End XCConfigurationList section */
	};
	rootObject = AB9B083D28A0FD9D000F8E9E /* Project object */;
}
